
Microsoft Visual Studio Solution File, Format Version 11.00
# Visual Studio 2010
Project("{8BC9CEB8-8B4A-11D0-8D11-00A0C91BC942}") = "OverlappedServer", "OverlappedServer.vcxproj", "{84200DF1-F5AB-3D3D-9EE3-11C35237FCB3}"
EndProject
Global
	GlobalSection(SolutionConfigurationPlatforms) = preSolution
		Debug|Win32 = Debug|Win32
		Release|Win32 = Release|Win32
	EndGlobalSection
	GlobalSection(ProjectConfigurationPlatforms) = postSolution
		{84200DF1-F5AB-3D3D-9EE3-11C35237FCB3}.Debug|Win32.ActiveCfg = Debug|Win32
		{84200DF1-F5AB-3D3D-9EE3-11C35237FCB3}.Debug|Win32.Build.0 = Debug|Win32
		{84200DF1-F5AB-3D3D-9EE3-11C35237FCB3}.Release|Win32.ActiveCfg = Release|Win32
		{84200DF1-F5AB-3D3D-9EE3-11C35237FCB3}.Release|Win32.Build.0 = Release|Win32
	EndGlobalSection
	GlobalSection(SolutionProperties) = preSolution
		HideSolutionNode = FALSE
	EndGlobalSection
EndGlobal
